<Solution>
  <Project Path="Babbelite.Client/Babbelite.Client.csproj" Id="bf511d3d-6550-4261-9a8c-ca74b6c1a054" />
  <Project Path="Babbelite.Server.CLI/Babbelite.Server.CLI.csproj" />
  <Project Path="Babbelite.Server.Core/Babbelite.Server.Core.csproj" />
  <Project Path="Babbelite.Shared/Babbelite.Shared.csproj" />
</Solution>
